{
  "name": "cyclewire-bench-micro",
  "version": "0.0.0",
  "lockfileVersion": 3,
  "requires": true,
  "packages": {
    "": {
      "name": "cyclewire-bench-micro",
      "version": "0.0.0",
      "dependencies": {
        "@preact/signals-core": "1.14.4",
        "@vue/reactivity": "3.5.43",
        "alien-signals": "3.2.1",
        "cyclewire": "file:../..",
        "idiomorph": "0.8.0",
        "morphdom": "2.7.8"
      },
      "engines": {
        "node": ">=22.12"
      }
    },
    "../..": {
      "name": "cyclewire",
      "version": "1.1.0-beta.1",
      "license": "MIT",
      "bin": {
        "cyclewire": "tooling/bin.js"
      },
      "devDependencies": {
        "@playwright/test": "^1.63.0",
        "@types/node": "^22.20.4",
        "acorn": "^8.18.0",
        "datatables.net-dt": "^3.1.2",
        "esbuild": "^0.28.2",
        "flatpickr": "^4.6.13",
        "jquery": "^4.0.0",
        "react": "^19.3.0",
        "react-dom": "^19.3.0",
        "svelte": "^5.57.1",
        "sweetalert2": "^11.26.25",
        "typescript": "^7.0.2",
        "vite": "^8.3.1",
        "vue": "^3.5.43"
      },
      "peerDependencies": {
        "vite": ">=5"
      },
      "peerDependenciesMeta": {
        "vite": {
          "optional": true
        }
      }
    },
    "node_modules/@preact/signals-core": {
      "version": "1.14.4",
      "resolved": "https://registry.npmjs.org/@preact/signals-core/-/signals-core-1.14.4.tgz",
      "integrity": "sha512-HNB6HYeYKhQbJ1aKl+YRjrS4+QWHLKX6qKoUsfS/m0vqzsVaEBiZiaKbG/e+NKk2ch5ALQr/ihWaMHxiCuuWHA==",
      "license": "MIT",
      "funding": {
        "type": "opencollective",
        "url": "https://opencollective.com/preact"
      }
    },
    "node_modules/@vue/reactivity": {
      "version": "3.5.43",
      "resolved": "https://registry.npmjs.org/@vue/reactivity/-/reactivity-3.5.43.tgz",
      "integrity": "sha512-G/c9GyOZNI2jVaaS6OX1EF1SSFSv7H0ERqNTl4+DTFMlZmB5eVAB53aLQNam/7NL2NPtaDD7RdVrzf8uJzMuOA==",
      "license": "MIT",
      "dependencies": {
        "@vue/shared": "3.5.43"
      }
    },
    "node_modules/@vue/shared": {
      "version": "3.5.43",
      "resolved": "https://registry.npmjs.org/@vue/shared/-/shared-3.5.43.tgz",
      "integrity": "sha512-uksS7YGMR5NZyr4JNq0Rp+QyLns0ueaz20KwzIPW9R0LH1Vnt4E+XUM29PNseEbf1www2gOuhuDi5AKOIXag9Q==",
      "license": "MIT"
    },
    "node_modules/alien-signals": {
      "version": "3.2.1",
      "resolved": "https://registry.npmjs.org/alien-signals/-/alien-signals-3.2.1.tgz",
      "integrity": "sha512-I8FjmltrfnDFoZedi5CG8DghVYNhzb/Ijluz7tCSJH0xpd0484Kowhbb1XDYOxfJpU1p5wnM2X54dA+IfGyD1g==",
      "license": "MIT"
    },
    "node_modules/cyclewire": {
      "resolved": "../..",
      "link": true
    },
    "node_modules/idiomorph": {
      "version": "0.8.0",
      "resolved": "https://registry.npmjs.org/idiomorph/-/idiomorph-0.8.0.tgz",
      "integrity": "sha512-R47JBL+6jHDQvcnbppIUtXXcxi5h6+wuCEEZXnRhUltsgzPFKzThL5PuHppP9ypJuy+7WawcY1TsSBD/iQbMhw==",
      "license": "0BSD"
    },
    "node_modules/morphdom": {
      "version": "2.7.8",
      "resolved": "https://registry.npmjs.org/morphdom/-/morphdom-2.7.8.tgz",
      "integrity": "sha512-D/fR4xgGUyVRbdMGU6Nejea1RFzYxYtyurG4Fbv2Fi/daKlWKuXGLOdXtl+3eIwL110cI2hz1ZojGICjjFLgTg==",
      "license": "MIT"
    }
  }
}
